// !$*UTF8*$!
{
	archiveVersion = 1;
	classes = {
	};
	objectVersion = 56;
	objects = {

/* Begin PBXBuildFile section */
		A006D7D22F8843AD0074A399 /* GoogleService-Info.plist in Resources */ = {isa = PBXBuildFile; fileRef = A006D7D12F8843AD0074A399 /* GoogleService-Info.plist */; };
		A024D5FD2F87FA8000D25868 /* Extensions.swift in Sources */ = {isa = PBXBuildFile; fileRef = A024D5FC2F87FA8000D25868 /* Extensions.swift */; };
		A098518A2F9E36650094D248 /* MainTabBarController.swift in Sources */ = {isa = PBXBuildFile; fileRef = A09851892F9E36650094D248 /* MainTabBarController.swift */; };
		A098518C2F9E3A250094D248 /* UserProfileController.swift in Sources */ = {isa = PBXBuildFile; fileRef = A098518B2F9E3A250094D248 /* UserProfileController.swift */; };
		A0DD88732F86C5110046FBA8 /* AppDelegate.swift in Sources */ = {isa = PBXBuildFile; fileRef = A0DD88722F86C5110046FBA8 /* AppDelegate.swift */; };
		A0DD88752F86C5110046FBA8 /* SceneDelegate.swift in Sources */ = {isa = PBXBuildFile; fileRef = A0DD88742F86C5110046FBA8 /* SceneDelegate.swift */; };
		A0DD88772F86C5110046FBA8 /* ViewController.swift in Sources */ = {isa = PBXBuildFile; fileRef = A0DD88762F86C5110046FBA8 /* ViewController.swift */; };
		A0DD887A2F86C5110046FBA8 /* Main.storyboard in Resources */ = {isa = PBXBuildFile; fileRef = A0DD88782F86C5110046FBA8 /* Main.storyboard */; };
		A0DD887C2F86C5130046FBA8 /* Assets.xcassets in Resources */ = {isa = PBXBuildFile; fileRef = A0DD887B2F86C5130046FBA8 /* Assets.xcassets */; };
		A0DD887F2F86C5130046FBA8 /* LaunchScreen.storyboard in Resources */ = {isa = PBXBuildFile; fileRef = A0DD887D2F86C5130046FBA8 /* LaunchScreen.storyboard */; };
		F15E9FBB0395B4A11DBD619B /* Pods_InstagramFire.framework in Frameworks */ = {isa = PBXBuildFile; fileRef = F50A28890658B413E4486A53 /* Pods_InstagramFire.framework */; };
/* End PBXBuildFile section */

/* Begin PBXFileReference section */
		605B3E00326A7C2B20BE70D4 /* Pods-InstagramFire.release.xcconfig */ = {isa = PBXFileReference; includeInIndex = 1; lastKnownFileType = text.xcconfig; name = "Pods-InstagramFire.release.xcconfig"; path = "Target Support Files/Pods-InstagramFire/Pods-InstagramFire.release.xcconfig"; sourceTree = "<group>"; };
		A006D7D12F8843AD0074A399 /* GoogleService-Info.plist */ = {isa = PBXFileReference; fileEncoding = 4; lastKnownFileType = text.plist.xml; path = "GoogleService-Info.plist"; sourceTree = "<group>"; };
		A024D5FC2F87FA8000D25868 /* Extensions.swift */ = {isa = PBXFileReference; lastKnownFileType = sourcecode.swift; path = Extensions.swift; sourceTree = "<group>"; };
		A09851892F9E36650094D248 /* MainTabBarController.swift */ = {isa = PBXFileReference; lastKnownFileType = sourcecode.swift; path = MainTabBarController.swift; sourceTree = "<group>"; };
		A098518B2F9E3A250094D248 /* UserProfileController.swift */ = {isa = PBXFileReference; lastKnownFileType = sourcecode.swift; path = UserProfileController.swift; sourceTree = "<group>"; };
		A0DD886F2F86C5110046FBA8 /* InstagramFire.app */ = {isa = PBXFileReference; explicitFileType = wrapper.application; includeInIndex = 0; path = InstagramFire.app; sourceTree = BUILT_PRODUCTS_DIR; };
		A0DD88722F86C5110046FBA8 /* AppDelegate.swift */ = {isa = PBXFileReference; lastKnownFileType = sourcecode.swift; path = AppDelegate.swift; sourceTree = "<group>"; };
		A0DD88742F86C5110046FBA8 /* SceneDelegate.swift */ = {isa = PBXFileReference; lastKnownFileType = sourcecode.swift; path = SceneDelegate.swift; sourceTree = "<group>"; };
		A0DD88762F86C5110046FBA8 /* ViewController.swift */ = {isa = PBXFileReference; lastKnownFileType = sourcecode.swift; path = ViewController.swift; sourceTree = "<group>"; };
		A0DD88792F86C5110046FBA8 /* Base */ = {isa = PBXFileReference; lastKnownFileType = file.storyboard; name = Base; path = Base.lproj/Main.storyboard; sourceTree = "<group>"; };
		A0DD887B2F86C5130046FBA8 /* Assets.xcassets */ = {isa = PBXFileReference; lastKnownFileType = folder.assetcatalog; path = Assets.xcassets; sourceTree = "<group>"; };
		A0DD887E2F86C5130046FBA8 /* Base */ = {isa = PBXFileReference; lastKnownFileType = file.storyboard; name = Base; path = Base.lproj/LaunchScreen.storyboard; sourceTree = "<group>"; };
		A0DD88802F86C5130046FBA8 /* Info.plist */ = {isa = PBXFileReference; lastKnownFileType = text.plist.xml; path = Info.plist; sourceTree = "<group>"; };
		D774BC1D2D4FB80D4003AF5C /* Pods-InstagramFire.debug.xcconfig */ = {isa = PBXFileReference; includeInIndex = 1; lastKnownFileType = text.xcconfig; name = "Pods-InstagramFire.debug.xcconfig"; path = "Target Support Files/Pods-InstagramFire/Pods-InstagramFire.debug.xcconfig"; sourceTree = "<group>"; };
		F50A28890658B413E4486A53 /* Pods_InstagramFire.framework */ = {isa = PBXFileReference; explicitFileType = wrapper.framework; includeInIndex = 0; path = Pods_InstagramFire.framework; sourceTree = BUILT_PRODUCTS_DIR; };
/* End PBXFileReference section */

/* Begin PBXFrameworksBuildPhase section */
		A0DD886C2F86C5110046FBA8 /* Frameworks */ = {
			isa = PBXFrameworksBuildPhase;
			buildActionMask = 2147483647;
			files = (
				F15E9FBB0395B4A11DBD619B /* Pods_InstagramFire.framework in Frameworks */,
			);
			runOnlyForDeploymentPostprocessing = 0;
		};
/* End PBXFrameworksBuildPhase section */

/* Begin PBXGroup section */
		0DF96E31E8581E658CDBEAD1 /* Pods */ = {
			isa = PBXGroup;
			children = (
				D774BC1D2D4FB80D4003AF5C /* Pods-InstagramFire.debug.xcconfig */,
				605B3E00326A7C2B20BE70D4 /* Pods-InstagramFire.release.xcconfig */,
			);
			path = Pods;
			sourceTree = "<group>";
		};
		193D017C6EB601FD2060C55B /* Frameworks */ = {
			isa = PBXGroup;
			children = (
				F50A28890658B413E4486A53 /* Pods_InstagramFire.framework */,
			);
			name = Frameworks;
			sourceTree = "<group>";
		};
		A024D5FB2F87FA5700D25868 /* Utils */ = {
			isa = PBXGroup;
			children = (
				A024D5FC2F87FA8000D25868 /* Extensions.swift */,
			);
			path = Utils;
			sourceTree = "<group>";
		};
		A0DD88662F86C5110046FBA8 = {
			isa = PBXGroup;
			children = (
				A0DD88712F86C5110046FBA8 /* InstagramFire */,
				A0DD88702F86C5110046FBA8 /* Products */,
				0DF96E31E8581E658CDBEAD1 /* Pods */,
				193D017C6EB601FD2060C55B /* Frameworks */,
			);
			sourceTree = "<group>";
		};
		A0DD88702F86C5110046FBA8 /* Products */ = {
			isa = PBXGroup;
			children = (
				A0DD886F2F86C5110046FBA8 /* InstagramFire.app */,
			);
			name = Products;
			sourceTree = "<group>";
		};
		A0DD88712F86C5110046FBA8 /* InstagramFire */ = {
			isa = PBXGroup;
			children = (
				A024D5FB2F87FA5700D25868 /* Utils */,
				A0DD88722F86C5110046FBA8 /* AppDelegate.swift */,
				A0DD88742F86C5110046FBA8 /* SceneDelegate.swift */,
				A0DD88762F86C5110046FBA8 /* ViewController.swift */,
				A09851892F9E36650094D248 /* MainTabBarController.swift */,
				A098518B2F9E3A250094D248 /* UserProfileController.swift */,
				A0DD88782F86C5110046FBA8 /* Main.storyboard */,
				A0DD887B2F86C5130046FBA8 /* Assets.xcassets */,
				A0DD887D2F86C5130046FBA8 /* LaunchScreen.storyboard */,
				A0DD88802F86C5130046FBA8 /* Info.plist */,
				A006D7D12F8843AD0074A399 /* GoogleService-Info.plist */,
			);
			path = InstagramFire;
			sourceTree = "<group>";
		};
/* End PBXGroup section */

/* Begin PBXNativeTarget section */
		A0DD886E2F86C5110046FBA8 /* InstagramFire */ = {
			isa = PBXNativeTarget;
			buildConfigurationList = A0DD88832F86C5130046FBA8 /* Build configuration list for PBXNativeTarget "InstagramFire" */;
			buildPhases = (
				E0064DC6D96E0E9BBE355858 /* [CP] Check Pods Manifest.lock */,
				A0DD886B2F86C5110046FBA8 /* Sources */,
				A0DD886C2F86C5110046FBA8 /* Frameworks */,
				A0DD886D2F86C5110046FBA8 /* Resources */,
				A82A102E898D32F726D97071 /* [CP] Embed Pods Frameworks */,
			);
			buildRules = (
			);
			dependencies = (
			);
			name = InstagramFire;
			productName = InstagramFire;
			productReference = A0DD886F2F86C5110046FBA8 /* InstagramFire.app */;
			productType = "com.apple.product-type.application";
		};
/* End PBXNativeTarget section */

/* Begin PBXProject section */
		A0DD88672F86C5110046FBA8 /* Project object */ = {
			isa = PBXProject;
			attributes = {
				BuildIndependentTargetsInParallel = 1;
				LastSwiftUpdateCheck = 1420;
				LastUpgradeCheck = 1420;
				TargetAttributes = {
					A0DD886E2F86C5110046FBA8 = {
						CreatedOnToolsVersion = 14.2;
					};
				};
			};
			buildConfigurationList = A0DD886A2F86C5110046FBA8 /* Build configuration list for PBXProject "InstagramFire" */;
			compatibilityVersion = "Xcode 14.0";
			developmentRegion = en;
			hasScannedForEncodings = 0;
			knownRegions = (
				en,
				Base,
			);
			mainGroup = A0DD88662F86C5110046FBA8;
			productRefGroup = A0DD88702F86C5110046FBA8 /* Products */;
			projectDirPath = "";
			projectRoot = "";
			targets = (
				A0DD886E2F86C5110046FBA8 /* InstagramFire */,
			);
		};
/* End PBXProject section */

/* Begin PBXResourcesBuildPhase section */
		A0DD886D2F86C5110046FBA8 /* Resources */ = {
			isa = PBXResourcesBuildPhase;
			buildActionMask = 2147483647;
			files = (
				A0DD887F2F86C5130046FBA8 /* LaunchScreen.storyboard in Resources */,
				A006D7D22F8843AD0074A399 /* GoogleService-Info.plist in Resources */,
				A0DD887C2F86C5130046FBA8 /* Assets.xcassets in Resources */,
				A0DD887A2F86C5110046FBA8 /* Main.storyboard in Resources */,
			);
			runOnlyForDeploymentPostprocessing = 0;
		};
/* End PBXResourcesBuildPhase section */

/* Begin PBXShellScriptBuildPhase section */
		A82A102E898D32F726D97071 /* [CP] Embed Pods Frameworks */ = {
			isa = PBXShellScriptBuildPhase;
			buildActionMask = 2147483647;
			files = (
			);
			inputFileListPaths = (
				"${PODS_ROOT}/Target Support Files/Pods-InstagramFire/Pods-InstagramFire-frameworks-${CONFIGURATION}-input-files.xcfilelist",
			);
			name = "[CP] Embed Pods Frameworks";
			outputFileListPaths = (
				"${PODS_ROOT}/Target Support Files/Pods-InstagramFire/Pods-InstagramFire-frameworks-${CONFIGURATION}-output-files.xcfilelist",
			);
			runOnlyForDeploymentPostprocessing = 0;
			shellPath = /bin/sh;
			shellScript = "\"${PODS_ROOT}/Target Support Files/Pods-InstagramFire/Pods-InstagramFire-frameworks.sh\"\n";
			showEnvVarsInLog = 0;
		};
		E0064DC6D96E0E9BBE355858 /* [CP] Check Pods Manifest.lock */ = {
			isa = PBXShellScriptBuildPhase;
			buildActionMask = 2147483647;
			files = (
			);
			inputFileListPaths = (
			);
			inputPaths = (
				"${PODS_PODFILE_DIR_PATH}/Podfile.lock",
				"${PODS_ROOT}/Manifest.lock",
			);
			name = "[CP] Check Pods Manifest.lock";
			outputFileListPaths = (
			);
			outputPaths = (
				"$(DERIVED_FILE_DIR)/Pods-InstagramFire-checkManifestLockResult.txt",
			);
			runOnlyForDeploymentPostprocessing = 0;
			shellPath = /bin/sh;
			shellScript = "diff \"${PODS_PODFILE_DIR_PATH}/Podfile.lock\" \"${PODS_ROOT}/Manifest.lock\" > /dev/null\nif [ $? != 0 ] ; then\n    # print error to STDERR\n    echo \"error: The sandbox is not in sync with the Podfile.lock. Run 'pod install' or update your CocoaPods installation.\" >&2\n    exit 1\nfi\n# This output is used by Xcode 'outputs' to avoid re-running this script phase.\necho \"SUCCESS\" > \"${SCRIPT_OUTPUT_FILE_0}\"\n";
			showEnvVarsInLog = 0;
		};
/* End PBXShellScriptBuildPhase section */

/* Begin PBXSourcesBuildPhase section */
		A0DD886B2F86C5110046FBA8 /* Sources */ = {
			isa = PBXSourcesBuildPhase;
			buildActionMask = 2147483647;
			files = (
				A0DD88772F86C5110046FBA8 /* ViewController.swift in Sources */,
				A0DD88732F86C5110046FBA8 /* AppDelegate.swift in Sources */,
				A098518C2F9E3A250094D248 /* UserProfileController.swift in Sources */,
				A098518A2F9E36650094D248 /* MainTabBarController.swift in Sources */,
				A0DD88752F86C5110046FBA8 /* SceneDelegate.swift in Sources */,
				A024D5FD2F87FA8000D25868 /* Extensions.swift in Sources */,
			);
			runOnlyForDeploymentPostprocessing = 0;
		};
/* End PBXSourcesBuildPhase section */

/* Begin PBXVariantGroup section */
		A0DD88782F86C5110046FBA8 /* Main.storyboard */ = {
			isa = PBXVariantGroup;
			children = (
				A0DD88792F86C5110046FBA8 /* Base */,
			);
			name = Main.storyboard;
			sourceTree = "<group>";
		};
		A0DD887D2F86C5130046FBA8 /* LaunchScreen.storyboard */ = {
			isa = PBXVariantGroup;
			children = (
				A0DD887E2F86C5130046FBA8 /* Base */,
			);
			name = LaunchScreen.storyboard;
			sourceTree = "<group>";
		};
/* End PBXVariantGroup section */

/* Begin XCBuildConfiguration section */
		A0DD88812F86C5130046FBA8 /* Debug */ = {
			isa = XCBuildConfiguration;
			buildSettings = {
				ALWAYS_SEARCH_USER_PATHS = NO;
				CLANG_ANALYZER_NONNULL = YES;
				CLANG_ANALYZER_NUMBER_OBJECT_CONVERSION = YES_AGGRESSIVE;
				CLANG_CXX_LANGUAGE_STANDARD = "gnu++20";
				CLANG_ENABLE_MODULES = YES;
				CLANG_ENABLE_OBJC_ARC = YES;
				CLANG_ENABLE_OBJC_WEAK = YES;
				CLANG_WARN_BLOCK_CAPTURE_AUTORELEASING = YES;
				CLANG_WARN_BOOL_CONVERSION = YES;
				CLANG_WARN_COMMA = YES;
				CLANG_WARN_CONSTANT_CONVERSION = YES;
				CLANG_WARN_DEPRECATED_OBJC_IMPLEMENTATIONS = YES;
				CLANG_WARN_DIRECT_OBJC_ISA_USAGE = YES_ERROR;
				CLANG_WARN_DOCUMENTATION_COMMENTS = YES;
				CLANG_WARN_EMPTY_BODY = YES;
				CLANG_WARN_ENUM_CONVERSION = YES;
				CLANG_WARN_INFINITE_RECURSION = YES;
				CLANG_WARN_INT_CONVERSION = YES;
				CLANG_WARN_NON_LITERAL_NULL_CONVERSION = YES;
				CLANG_WARN_OBJC_IMPLICIT_RETAIN_SELF = YES;
				CLANG_WARN_OBJC_LITERAL_CONVERSION = YES;
				CLANG_WARN_OBJC_ROOT_CLASS = YES_ERROR;
				CLANG_WARN_QUOTED_INCLUDE_IN_FRAMEWORK_HEADER = YES;
				CLANG_WARN_RANGE_LOOP_ANALYSIS = YES;
				CLANG_WARN_STRICT_PROTOTYPES = YES;
				CLANG_WARN_SUSPICIOUS_MOVE = YES;
				CLANG_WARN_UNGUARDED_AVAILABILITY = YES_AGGRESSIVE;
				CLANG_WARN_UNREACHABLE_CODE = YES;
				CLANG_WARN__DUPLICATE_METHOD_MATCH = YES;
				COPY_PHASE_STRIP = NO;
				DEBUG_INFORMATION_FORMAT = dwarf;
				ENABLE_STRICT_OBJC_MSGSEND = YES;
				ENABLE_TESTABILITY = YES;
				GCC_C_LANGUAGE_STANDARD = gnu11;
				GCC_DYNAMIC_NO_PIC = NO;
				GCC_NO_COMMON_BLOCKS = YES;
				GCC_OPTIMIZATION_LEVEL = 0;
				GCC_PREPROCESSOR_DEFINITIONS = (
					"DEBUG=1",
					"$(inherited)",
				);
				GCC_WARN_64_TO_32_BIT_CONVERSION = YES;
				GCC_WARN_ABOUT_RETURN_TYPE = YES_ERROR;
				GCC_WARN_UNDECLARED_SELECTOR = YES;
				GCC_WARN_UNINITIALIZED_AUTOS = YES_AGGRESSIVE;
				GCC_WARN_UNUSED_FUNCTION = YES;
				GCC_WARN_UNUSED_VARIABLE = YES;
				IPHONEOS_DEPLOYMENT_TARGET = 16.2;
				MTL_ENABLE_DEBUG_INFO = INCLUDE_SOURCE;
				MTL_FAST_MATH = YES;
				ONLY_ACTIVE_ARCH = YES;
				SDKROOT = iphoneos;
				SWIFT_ACTIVE_COMPILATION_CONDITIONS = DEBUG;
				SWIFT_OPTIMIZATION_LEVEL = "-Onone";
			};
			name = Debug;
		};
		A0DD88822F86C5130046FBA8 /* Release */ = {
			isa = XCBuildConfiguration;
			buildSettings = {
				ALWAYS_SEARCH_USER_PATHS = NO;
				CLANG_ANALYZER_NONNULL = YES;
				CLANG_ANALYZER_NUMBER_OBJECT_CONVERSION = YES_AGGRESSIVE;
				CLANG_CXX_LANGUAGE_STANDARD = "gnu++20";
				CLANG_ENABLE_MODULES = YES;
				CLANG_ENABLE_OBJC_ARC = YES;
				CLANG_ENABLE_OBJC_WEAK = YES;
				CLANG_WARN_BLOCK_CAPTURE_AUTORELEASING = YES;
				CLANG_WARN_BOOL_CONVERSION = YES;
				CLANG_WARN_COMMA = YES;
				CLANG_WARN_CONSTANT_CONVERSION = YES;
				CLANG_WARN_DEPRECATED_OBJC_IMPLEMENTATIONS = YES;
				CLANG_WARN_DIRECT_OBJC_ISA_USAGE = YES_ERROR;
				CLANG_WARN_DOCUMENTATION_COMMENTS = YES;
				CLANG_WARN_EMPTY_BODY = YES;
				CLANG_WARN_ENUM_CONVERSION = YES;
				CLANG_WARN_INFINITE_RECURSION = YES;
				CLANG_WARN_INT_CONVERSION = YES;
				CLANG_WARN_NON_LITERAL_NULL_CONVERSION = YES;
				CLANG_WARN_OBJC_IMPLICIT_RETAIN_SELF = YES;
				CLANG_WARN_OBJC_LITERAL_CONVERSION = YES;
				CLANG_WARN_OBJC_ROOT_CLASS = YES_ERROR;
				CLANG_WARN_QUOTED_INCLUDE_IN_FRAMEWORK_HEADER = YES;
				CLANG_WARN_RANGE_LOOP_ANALYSIS = YES;
				CLANG_WARN_STRICT_PROTOTYPES = YES;
				CLANG_WARN_SUSPICIOUS_MOVE = YES;
				CLANG_WARN_UNGUARDED_AVAILABILITY = YES_AGGRESSIVE;
				CLANG_WARN_UNREACHABLE_CODE = YES;
				CLANG_WARN__DUPLICATE_METHOD_MATCH = YES;
				COPY_PHASE_STRIP = NO;
				DEBUG_INFORMATION_FORMAT = "dwarf-with-dsym";
				ENABLE_NS_ASSERTIONS = NO;
				ENABLE_STRICT_OBJC_MSGSEND = YES;
				GCC_C_LANGUAGE_STANDARD = gnu11;
				GCC_NO_COMMON_BLOCKS = YES;
				GCC_WARN_64_TO_32_BIT_CONVERSION = YES;
				GCC_WARN_ABOUT_RETURN_TYPE = YES_ERROR;
				GCC_WARN_UNDECLARED_SELECTOR = YES;
				GCC_WARN_UNINITIALIZED_AUTOS = YES_AGGRESSIVE;
				GCC_WARN_UNUSED_FUNCTION = YES;
				GCC_WARN_UNUSED_VARIABLE = YES;
				IPHONEOS_DEPLOYMENT_TARGET = 16.2;
				MTL_ENABLE_DEBUG_INFO = NO;
				MTL_FAST_MATH = YES;
				SDKROOT = iphoneos;
				SWIFT_COMPILATION_MODE = wholemodule;
				SWIFT_OPTIMIZATION_LEVEL = "-O";
				VALIDATE_PRODUCT = YES;
			};
			name = Release;
		};
		A0DD88842F86C5130046FBA8 /* Debug */ = {
			isa = XCBuildConfiguration;
			baseConfigurationReference = D774BC1D2D4FB80D4003AF5C /* Pods-InstagramFire.debug.xcconfig */;
			buildSettings = {
				ASSETCATALOG_COMPILER_APPICON_NAME = AppIcon;
				ASSETCATALOG_COMPILER_GLOBAL_ACCENT_COLOR_NAME = AccentColor;
				CODE_SIGN_STYLE = Automatic;
				CURRENT_PROJECT_VERSION = 1;
				DEVELOPMENT_TEAM = 7TQLZFHBG5;
				GENERATE_INFOPLIST_FILE = YES;
				INFOPLIST_FILE = InstagramFire/Info.plist;
				INFOPLIST_KEY_UIApplicationSupportsIndirectInputEvents = YES;
				INFOPLIST_KEY_UILaunchStoryboardName = LaunchScreen;
				INFOPLIST_KEY_UIMainStoryboardFile = "";
				INFOPLIST_KEY_UISupportedInterfaceOrientations_iPad = "UIInterfaceOrientationPortrait UIInterfaceOrientationPortraitUpsideDown UIInterfaceOrientationLandscapeLeft UIInterfaceOrientationLandscapeRight";
				INFOPLIST_KEY_UISupportedInterfaceOrientations_iPhone = "UIInterfaceOrientationPortrait UIInterfaceOrientationLandscapeLeft UIInterfaceOrientationLandscapeRight";
				IPHONEOS_DEPLOYMENT_TARGET = 13.0;
				LD_RUNPATH_SEARCH_PATHS = (
					"$(inherited)",
					"@executable_path/Frameworks",
				);
				MARKETING_VERSION = 1.0;
				PRODUCT_BUNDLE_IDENTIFIER = "Swift-Rabbit.InstagramFire";
				PRODUCT_NAME = "$(TARGET_NAME)";
				SWIFT_EMIT_LOC_STRINGS = YES;
				SWIFT_VERSION = 5.0;
				TARGETED_DEVICE_FAMILY = "1,2";
			};
			name = Debug;
		};
		A0DD88852F86C5130046FBA8 /* Release */ = {
			isa = XCBuildConfiguration;
			baseConfigurationReference = 605B3E00326A7C2B20BE70D4 /* Pods-InstagramFire.release.xcconfig */;
			buildSettings = {
				ASSETCATALOG_COMPILER_APPICON_NAME = AppIcon;
				ASSETCATALOG_COMPILER_GLOBAL_ACCENT_COLOR_NAME = AccentColor;
				CODE_SIGN_STYLE = Automatic;
				CURRENT_PROJECT_VERSION = 1;
				DEVELOPMENT_TEAM = 7TQLZFHBG5;
				GENERATE_INFOPLIST_FILE = YES;
				INFOPLIST_FILE = InstagramFire/Info.plist;
				INFOPLIST_KEY_UIApplicationSupportsIndirectInputEvents = YES;
				INFOPLIST_KEY_UILaunchStoryboardName = LaunchScreen;
				INFOPLIST_KEY_UIMainStoryboardFile = "";
				INFOPLIST_KEY_UISupportedInterfaceOrientations_iPad = "UIInterfaceOrientationPortrait UIInterfaceOrientationPortraitUpsideDown UIInterfaceOrientationLandscapeLeft UIInterfaceOrientationLandscapeRight";
				INFOPLIST_KEY_UISupportedInterfaceOrientations_iPhone = "UIInterfaceOrientationPortrait UIInterfaceOrientationLandscapeLeft UIInterfaceOrientationLandscapeRight";
				IPHONEOS_DEPLOYMENT_TARGET = 13.0;
				LD_RUNPATH_SEARCH_PATHS = (
					"$(inherited)",
					"@executable_path/Frameworks",
				);
				MARKETING_VERSION = 1.0;
				PRODUCT_BUNDLE_IDENTIFIER = "Swift-Rabbit.InstagramFire";
				PRODUCT_NAME = "$(TARGET_NAME)";
				SWIFT_EMIT_LOC_STRINGS = YES;
				SWIFT_VERSION = 5.0;
				TARGETED_DEVICE_FAMILY = "1,2";
			};
			name = Release;
		};
/* End XCBuildConfiguration section */

/* Begin XCConfigurationList section */
		A0DD886A2F86C5110046FBA8 /* Build configuration list for PBXProject "InstagramFire" */ = {
			isa = XCConfigurationList;
			buildConfigurations = (
				A0DD88812F86C5130046FBA8 /* Debug */,
				A0DD88822F86C5130046FBA8 /* Release */,
			);
			defaultConfigurationIsVisible = 0;
			defaultConfigurationName = Release;
		};
		A0DD88832F86C5130046FBA8 /* Build configuration list for PBXNativeTarget "InstagramFire" */ = {
			isa = XCConfigurationList;
			buildConfigurations = (
				A0DD88842F86C5130046FBA8 /* Debug */,
				A0DD88852F86C5130046FBA8 /* Release */,
			);
			defaultConfigurationIsVisible = 0;
			defaultConfigurationName = Release;
		};
/* End XCConfigurationList section */
	};
	rootObject = A0DD88672F86C5110046FBA8 /* Project object */;
}
